
Microsoft Visual Studio Solution File, Format Version 12.00
# Visual Studio Version 17
VisualStudioVersion = 17.5.33516.290
MinimumVisualStudioVersion = 10.0.40219.1
Project("{9A19103F-16F7-4668-BE54-9A1E7A4F7556}") = "Mobile Application Sales Site", "Mobile Application Sales Site\Mobile Application Sales Site.csproj", "{22CC2884-7BE3-49C9-97AE-F54105B3D810}"
EndProject
Project("{FAE04EC0-301F-11D3-BF4B-00C04F79EFBC}") = "AnkaX.DataAccess", "AnkaX.DataAccess\AnkaX.DataAccess.csproj", "{F3F5E0A3-2580-42BA-AA08-AB8C27D9188F}"
EndProject
Project("{FAE04EC0-301F-11D3-BF4B-00C04F79EFBC}") = "AnkaX.Models", "AnkaX.Models\AnkaX.Models.csproj", "{18B7315C-2532-45EC-A935-DF6AF4014256}"
EndProject
Project("{FAE04EC0-301F-11D3-BF4B-00C04F79EFBC}") = "AnkaX.Utility", "AnkaX.Utility\AnkaX.Utility.csproj", "{086D7178-3840-43FA-AD8F-ECC8D30F0BF3}"
EndProject
Global
	GlobalSection(SolutionConfigurationPlatforms) = preSolution
		Debug|Any CPU = Debug|Any CPU
		Release|Any CPU = Release|Any CPU
	EndGlobalSection
	GlobalSection(ProjectConfigurationPlatforms) = postSolution
		{22CC2884-7BE3-49C9-97AE-F54105B3D810}.Debug|Any CPU.ActiveCfg = Debug|Any CPU
		{22CC2884-7BE3-49C9-97AE-F54105B3D810}.Debug|Any CPU.Build.0 = Debug|Any CPU
		{22CC2884-7BE3-49C9-97AE-F54105B3D810}.Release|Any CPU.ActiveCfg = Release|Any CPU
		{22CC2884-7BE3-49C9-97AE-F54105B3D810}.Release|Any CPU.Build.0 = Release|Any CPU
		{F3F5E0A3-2580-42BA-AA08-AB8C27D9188F}.Debug|Any CPU.ActiveCfg = Debug|Any CPU
		{F3F5E0A3-2580-42BA-AA08-AB8C27D9188F}.Debug|Any CPU.Build.0 = Debug|Any CPU
		{F3F5E0A3-2580-42BA-AA08-AB8C27D9188F}.Release|Any CPU.ActiveCfg = Release|Any CPU
		{F3F5E0A3-2580-42BA-AA08-AB8C27D9188F}.Release|Any CPU.Build.0 = Release|Any CPU
		{18B7315C-2532-45EC-A935-DF6AF4014256}.Debug|Any CPU.ActiveCfg = Debug|Any CPU
		{18B7315C-2532-45EC-A935-DF6AF4014256}.Debug|Any CPU.Build.0 = Debug|Any CPU
		{18B7315C-2532-45EC-A935-DF6AF4014256}.Release|Any CPU.ActiveCfg = Release|Any CPU
		{18B7315C-2532-45EC-A935-DF6AF4014256}.Release|Any CPU.Build.0 = Release|Any CPU
		{086D7178-3840-43FA-AD8F-ECC8D30F0BF3}.Debug|Any CPU.ActiveCfg = Debug|Any CPU
		{086D7178-3840-43FA-AD8F-ECC8D30F0BF3}.Debug|Any CPU.Build.0 = Debug|Any CPU
		{086D7178-3840-43FA-AD8F-ECC8D30F0BF3}.Release|Any CPU.ActiveCfg = Release|Any CPU
		{086D7178-3840-43FA-AD8F-ECC8D30F0BF3}.Release|Any CPU.Build.0 = Release|Any CPU
	EndGlobalSection
	GlobalSection(SolutionProperties) = preSolution
		HideSolutionNode = FALSE
	EndGlobalSection
	GlobalSection(ExtensibilityGlobals) = postSolution
		SolutionGuid = {9A300AD3-D8A0-42B9-AFEC-24463A1D51B7}
	EndGlobalSection
EndGlobal
