
Microsoft Visual Studio Solution File, Format Version 12.00
# Visual Studio Version 17
VisualStudioVersion = 17.5.33516.290
MinimumVisualStudioVersion = 10.0.40219.1
Project("{FAE04EC0-301F-11D3-BF4B-00C04F79EFBC}") = "AnkaX-Mobile Application Sales Site", "AnkaX-Mobile Application Sales Site\AnkaX-Mobile Application Sales Site.csproj", "{A9BD1FC3-83A1-4B01-9F7F-445DE30B3E58}"
EndProject
Global
	GlobalSection(SolutionConfigurationPlatforms) = preSolution
		Debug|Any CPU = Debug|Any CPU
		Release|Any CPU = Release|Any CPU
	EndGlobalSection
	GlobalSection(ProjectConfigurationPlatforms) = postSolution
		{A9BD1FC3-83A1-4B01-9F7F-445DE30B3E58}.Debug|Any CPU.ActiveCfg = Debug|Any CPU
		{A9BD1FC3-83A1-4B01-9F7F-445DE30B3E58}.Debug|Any CPU.Build.0 = Debug|Any CPU
		{A9BD1FC3-83A1-4B01-9F7F-445DE30B3E58}.Release|Any CPU.ActiveCfg = Release|Any CPU
		{A9BD1FC3-83A1-4B01-9F7F-445DE30B3E58}.Release|Any CPU.Build.0 = Release|Any CPU
	EndGlobalSection
	GlobalSection(SolutionProperties) = preSolution
		HideSolutionNode = FALSE
	EndGlobalSection
	GlobalSection(ExtensibilityGlobals) = postSolution
		SolutionGuid = {66CFB836-223D-4DAC-B90C-C4579A1A73E9}
	EndGlobalSection
EndGlobal
